
Microsoft Visual Studio Solution File, Format Version 12.00
# Visual Studio Version 16
VisualStudioVersion = 16.0.31702.278
MinimumVisualStudioVersion = 10.0.40219.1
Project("{FAE04EC0-301F-11D3-BF4B-00C04F79EFBC}") = "AddMailPass", "AddMailPass\AddMailPass.csproj", "{51FC728D-AC3C-4B19-BCCF-197C6E0060B6}"
EndProject
Global
	GlobalSection(SolutionConfigurationPlatforms) = preSolution
		Debug|Any CPU = Debug|Any CPU
		Release|Any CPU = Release|Any CPU
	EndGlobalSection
	GlobalSection(ProjectConfigurationPlatforms) = postSolution
		{51FC728D-AC3C-4B19-BCCF-197C6E0060B6}.Debug|Any CPU.ActiveCfg = Debug|Any CPU
		{51FC728D-AC3C-4B19-BCCF-197C6E0060B6}.Debug|Any CPU.Build.0 = Debug|Any CPU
		{51FC728D-AC3C-4B19-BCCF-197C6E0060B6}.Release|Any CPU.ActiveCfg = Release|Any CPU
		{51FC728D-AC3C-4B19-BCCF-197C6E0060B6}.Release|Any CPU.Build.0 = Release|Any CPU
	EndGlobalSection
	GlobalSection(SolutionProperties) = preSolution
		HideSolutionNode = FALSE
	EndGlobalSection
	GlobalSection(ExtensibilityGlobals) = postSolution
		SolutionGuid = {80EFAF7B-58B9-4E24-AFCF-460B14D238C2}
	EndGlobalSection
EndGlobal
